
Microsoft Visual Studio Solution File, Format Version 12.00
# Visual Studio Version 16
VisualStudioVersion = 16.0.30621.155
MinimumVisualStudioVersion = 10.0.40219.1
Project("{FAE04EC0-301F-11D3-BF4B-00C04F79EFBC}") = "WinFormsApp1", "WinFormsApp1\WinFormsApp1.csproj", "{D8BF56D5-DC23-4301-B2F0-7B361C0B015C}"
EndProject
Global
	GlobalSection(SolutionConfigurationPlatforms) = preSolution
		Debug|Any CPU = Debug|Any CPU
		Release|Any CPU = Release|Any CPU
	EndGlobalSection
	GlobalSection(ProjectConfigurationPlatforms) = postSolution
		{D8BF56D5-DC23-4301-B2F0-7B361C0B015C}.Debug|Any CPU.ActiveCfg = Debug|Any CPU
		{D8BF56D5-DC23-4301-B2F0-7B361C0B015C}.Debug|Any CPU.Build.0 = Debug|Any CPU
		{D8BF56D5-DC23-4301-B2F0-7B361C0B015C}.Release|Any CPU.ActiveCfg = Release|Any CPU
		{D8BF56D5-DC23-4301-B2F0-7B361C0B015C}.Release|Any CPU.Build.0 = Release|Any CPU
	EndGlobalSection
	GlobalSection(SolutionProperties) = preSolution
		HideSolutionNode = FALSE
	EndGlobalSection
	GlobalSection(ExtensibilityGlobals) = postSolution
		SolutionGuid = {4872A1D4-F23E-4574-9E6B-9CD139C596C3}
	EndGlobalSection
EndGlobal
